# The ton-blockchain/abis release that CMake, Docker, CI and the catalog test
# download and verify. Change both lines together.
ABI_CATALOG_URL=https://github.com/ton-blockchain/abis/releases/download/v0.1.0/abi-catalog.json
ABI_CATALOG_SHA256=9f023acf918493dfc908c66cfd38200e99d393beaaf27296da4563479638fea5
